// !$*UTF8*$!
{
	archiveVersion = 1;
	classes = {
	};
	objectVersion = 56;
	objects = {

/* Begin PBXBuildFile section */
		2E4AC6B22AD41BBF00F89951 /* AppDelegate.swift in Sources */ = {isa = PBXBuildFile; fileRef = 2E4AC6B12AD41BBF00F89951 /* AppDelegate.swift */; };
		2E4AC6B42AD41BBF00F89951 /* SceneDelegate.swift in Sources */ = {isa = PBXBuildFile; fileRef = 2E4AC6B32AD41BBF00F89951 /* SceneDelegate.swift */; };
		2E4AC6B62AD41BBF00F89951 /* ViewController.swift in Sources */ = {isa = PBXBuildFile; fileRef = 2E4AC6B52AD41BBF00F89951 /* ViewController.swift */; };
		2E4AC6B92AD41BBF00F89951 /* Main.storyboard in Resources */ = {isa = PBXBuildFile; fileRef = 2E4AC6B72AD41BBF00F89951 /* Main.storyboard */; };
		2E4AC6BB2AD41BC000F89951 /* Assets.xcassets in Resources */ = {isa = PBXBuildFile; fileRef = 2E4AC6BA2AD41BC000F89951 /* Assets.xcassets */; };
		2E4AC6BE2AD41BC000F89951 /* LaunchScreen.storyboard in Resources */ = {isa = PBXBuildFile; fileRef = 2E4AC6BC2AD41BC000F89951 /* LaunchScreen.storyboard */; };
		2E4AC6C92AD41BC000F89951 /* Chapter03_TableviewTests.swift in Sources */ = {isa = PBXBuildFile; fileRef = 2E4AC6C82AD41BC000F89951 /* Chapter03_TableviewTests.swift */; };
		2E4AC6D32AD41BC000F89951 /* Chapter03_TableviewUITests.swift in Sources */ = {isa = PBXBuildFile; fileRef = 2E4AC6D22AD41BC000F89951 /* Chapter03_TableviewUITests.swift */; };
		2E4AC6D52AD41BC000F89951 /* Chapter03_TableviewUITestsLaunchTests.swift in Sources */ = {isa = PBXBuildFile; fileRef = 2E4AC6D42AD41BC000F89951 /* Chapter03_TableviewUITestsLaunchTests.swift */; };
		2E6A799E2AD4228C00AF59E1 /* SecondViewController.swift in Sources */ = {isa = PBXBuildFile; fileRef = 2E6A799D2AD4228C00AF59E1 /* SecondViewController.swift */; };
/* End PBXBuildFile section */

/* Begin PBXContainerItemProxy section */
		2E4AC6C52AD41BC000F89951 /* PBXContainerItemProxy */ = {
			isa = PBXContainerItemProxy;
			containerPortal = 2E4AC6A62AD41BBF00F89951 /* Project object */;
			proxyType = 1;
			remoteGlobalIDString = 2E4AC6AD2AD41BBF00F89951;
			remoteInfo = Chapter03_Tableview;
		};
		2E4AC6CF2AD41BC000F89951 /* PBXContainerItemProxy */ = {
			isa = PBXContainerItemProxy;
			containerPortal = 2E4AC6A62AD41BBF00F89951 /* Project object */;
			proxyType = 1;
			remoteGlobalIDString = 2E4AC6AD2AD41BBF00F89951;
			remoteInfo = Chapter03_Tableview;
		};
/* End PBXContainerItemProxy section */

/* Begin PBXFileReference section */
		2E4AC6AE2AD41BBF00F89951 /* Chapter03_Tableview.app */ = {isa = PBXFileReference; explicitFileType = wrapper.application; includeInIndex = 0; path = Chapter03_Tableview.app; sourceTree = BUILT_PRODUCTS_DIR; };
		2E4AC6B12AD41BBF00F89951 /* AppDelegate.swift */ = {isa = PBXFileReference; lastKnownFileType = sourcecode.swift; path = AppDelegate.swift; sourceTree = "<group>"; };
		2E4AC6B32AD41BBF00F89951 /* SceneDelegate.swift */ = {isa = PBXFileReference; lastKnownFileType = sourcecode.swift; path = SceneDelegate.swift; sourceTree = "<group>"; };
		2E4AC6B52AD41BBF00F89951 /* ViewController.swift */ = {isa = PBXFileReference; lastKnownFileType = sourcecode.swift; path = ViewController.swift; sourceTree = "<group>"; };
		2E4AC6B82AD41BBF00F89951 /* Base */ = {isa = PBXFileReference; lastKnownFileType = file.storyboard; name = Base; path = Base.lproj/Main.storyboard; sourceTree = "<group>"; };
		2E4AC6BA2AD41BC000F89951 /* Assets.xcassets */ = {isa = PBXFileReference; lastKnownFileType = folder.assetcatalog; path = Assets.xcassets; sourceTree = "<group>"; };
		2E4AC6BD2AD41BC000F89951 /* Base */ = {isa = PBXFileReference; lastKnownFileType = file.storyboard; name = Base; path = Base.lproj/LaunchScreen.storyboard; sourceTree = "<group>"; };
		2E4AC6BF2AD41BC000F89951 /* Info.plist */ = {isa = PBXFileReference; lastKnownFileType = text.plist.xml; path = Info.plist; sourceTree = "<group>"; };
		2E4AC6C42AD41BC000F89951 /* Chapter03_TableviewTests.xctest */ = {isa = PBXFileReference; explicitFileType = wrapper.cfbundle; includeInIndex = 0; path = Chapter03_TableviewTests.xctest; sourceTree = BUILT_PRODUCTS_DIR; };
		2E4AC6C82AD41BC000F89951 /* Chapter03_TableviewTests.swift */ = {isa = PBXFileReference; lastKnownFileType = sourcecode.swift; path = Chapter03_TableviewTests.swift; sourceTree = "<group>"; };
		2E4AC6CE2AD41BC000F89951 /* Chapter03_TableviewUITests.xctest */ = {isa = PBXFileReference; explicitFileType = wrapper.cfbundle; includeInIndex = 0; path = Chapter03_TableviewUITests.xctest; sourceTree = BUILT_PRODUCTS_DIR; };
		2E4AC6D22AD41BC000F89951 /* Chapter03_TableviewUITests.swift */ = {isa = PBXFileReference; lastKnownFileType = sourcecode.swift; path = Chapter03_TableviewUITests.swift; sourceTree = "<group>"; };
		2E4AC6D42AD41BC000F89951 /* Chapter03_TableviewUITestsLaunchTests.swift */ = {isa = PBXFileReference; lastKnownFileType = sourcecode.swift; path = Chapter03_TableviewUITestsLaunchTests.swift; sourceTree = "<group>"; };
		2E6A799D2AD4228C00AF59E1 /* SecondViewController.swift */ = {isa = PBXFileReference; lastKnownFileType = sourcecode.swift; path = SecondViewController.swift; sourceTree = "<group>"; };
/* End PBXFileReference section */

/* Begin PBXFrameworksBuildPhase section */
		2E4AC6AB2AD41BBF00F89951 /* Frameworks */ = {
			isa = PBXFrameworksBuildPhase;
			buildActionMask = 2147483647;
			files = (
			);
			runOnlyForDeploymentPostprocessing = 0;
		};
		2E4AC6C12AD41BC000F89951 /* Frameworks */ = {
			isa = PBXFrameworksBuildPhase;
			buildActionMask = 2147483647;
			files = (
			);
			runOnlyForDeploymentPostprocessing = 0;
		};
		2E4AC6CB2AD41BC000F89951 /* Frameworks */ = {
			isa = PBXFrameworksBuildPhase;
			buildActionMask = 2147483647;
			files = (
			);
			runOnlyForDeploymentPostprocessing = 0;
		};
/* End PBXFrameworksBuildPhase section */

/* Begin PBXGroup section */
		2E4AC6A52AD41BBF00F89951 = {
			isa = PBXGroup;
			children = (
				2E4AC6B02AD41BBF00F89951 /* Chapter03_Tableview */,
				2E4AC6C72AD41BC000F89951 /* Chapter03_TableviewTests */,
				2E4AC6D12AD41BC000F89951 /* Chapter03_TableviewUITests */,
				2E4AC6AF2AD41BBF00F89951 /* Products */,
			);
			sourceTree = "<group>";
		};
		2E4AC6AF2AD41BBF00F89951 /* Products */ = {
			isa = PBXGroup;
			children = (
				2E4AC6AE2AD41BBF00F89951 /* Chapter03_Tableview.app */,
				2E4AC6C42AD41BC000F89951 /* Chapter03_TableviewTests.xctest */,
				2E4AC6CE2AD41BC000F89951 /* Chapter03_TableviewUITests.xctest */,
			);
			name = Products;
			sourceTree = "<group>";
		};
		2E4AC6B02AD41BBF00F89951 /* Chapter03_Tableview */ = {
			isa = PBXGroup;
			children = (
				2E4AC6B12AD41BBF00F89951 /* AppDelegate.swift */,
				2E4AC6B32AD41BBF00F89951 /* SceneDelegate.swift */,
				2E4AC6B52AD41BBF00F89951 /* ViewController.swift */,
				2E4AC6B72AD41BBF00F89951 /* Main.storyboard */,
				2E4AC6BA2AD41BC000F89951 /* Assets.xcassets */,
				2E4AC6BC2AD41BC000F89951 /* LaunchScreen.storyboard */,
				2E4AC6BF2AD41BC000F89951 /* Info.plist */,
				2E6A799D2AD4228C00AF59E1 /* SecondViewController.swift */,
			);
			path = Chapter03_Tableview;
			sourceTree = "<group>";
		};
		2E4AC6C72AD41BC000F89951 /* Chapter03_TableviewTests */ = {
			isa = PBXGroup;
			children = (
				2E4AC6C82AD41BC000F89951 /* Chapter03_TableviewTests.swift */,
			);
			path = Chapter03_TableviewTests;
			sourceTree = "<group>";
		};
		2E4AC6D12AD41BC000F89951 /* Chapter03_TableviewUITests */ = {
			isa = PBXGroup;
			children = (
				2E4AC6D22AD41BC000F89951 /* Chapter03_TableviewUITests.swift */,
				2E4AC6D42AD41BC000F89951 /* Chapter03_TableviewUITestsLaunchTests.swift */,
			);
			path = Chapter03_TableviewUITests;
			sourceTree = "<group>";
		};
/* End PBXGroup section */

/* Begin PBXNativeTarget section */
		2E4AC6AD2AD41BBF00F89951 /* Chapter03_Tableview */ = {
			isa = PBXNativeTarget;
			buildConfigurationList = 2E4AC6D82AD41BC000F89951 /* Build configuration list for PBXNativeTarget "Chapter03_Tableview" */;
			buildPhases = (
				2E4AC6AA2AD41BBF00F89951 /* Sources */,
				2E4AC6AB2AD41BBF00F89951 /* Frameworks */,
				2E4AC6AC2AD41BBF00F89951 /* Resources */,
			);
			buildRules = (
			);
			dependencies = (
			);
			name = Chapter03_Tableview;
			productName = Chapter03_Tableview;
			productReference = 2E4AC6AE2AD41BBF00F89951 /* Chapter03_Tableview.app */;
			productType = "com.apple.product-type.application";
		};
		2E4AC6C32AD41BC000F89951 /* Chapter03_TableviewTests */ = {
			isa = PBXNativeTarget;
			buildConfigurationList = 2E4AC6DB2AD41BC000F89951 /* Build configuration list for PBXNativeTarget "Chapter03_TableviewTests" */;
			buildPhases = (
				2E4AC6C02AD41BC000F89951 /* Sources */,
				2E4AC6C12AD41BC000F89951 /* Frameworks */,
				2E4AC6C22AD41BC000F89951 /* Resources */,
			);
			buildRules = (
			);
			dependencies = (
				2E4AC6C62AD41BC000F89951 /* PBXTargetDependency */,
			);
			name = Chapter03_TableviewTests;
			productName = Chapter03_TableviewTests;
			productReference = 2E4AC6C42AD41BC000F89951 /* Chapter03_TableviewTests.xctest */;
			productType = "com.apple.product-type.bundle.unit-test";
		};
		2E4AC6CD2AD41BC000F89951 /* Chapter03_TableviewUITests */ = {
			isa = PBXNativeTarget;
			buildConfigurationList = 2E4AC6DE2AD41BC000F89951 /* Build configuration list for PBXNativeTarget "Chapter03_TableviewUITests" */;
			buildPhases = (
				2E4AC6CA2AD41BC000F89951 /* Sources */,
				2E4AC6CB2AD41BC000F89951 /* Frameworks */,
				2E4AC6CC2AD41BC000F89951 /* Resources */,
			);
			buildRules = (
			);
			dependencies = (
				2E4AC6D02AD41BC000F89951 /* PBXTargetDependency */,
			);
			name = Chapter03_TableviewUITests;
			productName = Chapter03_TableviewUITests;
			productReference = 2E4AC6CE2AD41BC000F89951 /* Chapter03_TableviewUITests.xctest */;
			productType = "com.apple.product-type.bundle.ui-testing";
		};
/* End PBXNativeTarget section */

/* Begin PBXProject section */
		2E4AC6A62AD41BBF00F89951 /* Project object */ = {
			isa = PBXProject;
			attributes = {
				BuildIndependentTargetsInParallel = 1;
				LastSwiftUpdateCheck = 1500;
				LastUpgradeCheck = 1500;
				TargetAttributes = {
					2E4AC6AD2AD41BBF00F89951 = {
						CreatedOnToolsVersion = 15.0;
					};
					2E4AC6C32AD41BC000F89951 = {
						CreatedOnToolsVersion = 15.0;
						TestTargetID = 2E4AC6AD2AD41BBF00F89951;
					};
					2E4AC6CD2AD41BC000F89951 = {
						CreatedOnToolsVersion = 15.0;
						TestTargetID = 2E4AC6AD2AD41BBF00F89951;
					};
				};
			};
			buildConfigurationList = 2E4AC6A92AD41BBF00F89951 /* Build configuration list for PBXProject "Chapter03_Tableview" */;
			compatibilityVersion = "Xcode 14.0";
			developmentRegion = en;
			hasScannedForEncodings = 0;
			knownRegions = (
				en,
				Base,
			);
			mainGroup = 2E4AC6A52AD41BBF00F89951;
			productRefGroup = 2E4AC6AF2AD41BBF00F89951 /* Products */;
			projectDirPath = "";
			projectRoot = "";
			targets = (
				2E4AC6AD2AD41BBF00F89951 /* Chapter03_Tableview */,
				2E4AC6C32AD41BC000F89951 /* Chapter03_TableviewTests */,
				2E4AC6CD2AD41BC000F89951 /* Chapter03_TableviewUITests */,
			);
		};
/* End PBXProject section */

/* Begin PBXResourcesBuildPhase section */
		2E4AC6AC2AD41BBF00F89951 /* Resources */ = {
			isa = PBXResourcesBuildPhase;
			buildActionMask = 2147483647;
			files = (
				2E4AC6BE2AD41BC000F89951 /* LaunchScreen.storyboard in Resources */,
				2E4AC6BB2AD41BC000F89951 /* Assets.xcassets in Resources */,
				2E4AC6B92AD41BBF00F89951 /* Main.storyboard in Resources */,
			);
			runOnlyForDeploymentPostprocessing = 0;
		};
		2E4AC6C22AD41BC000F89951 /* Resources */ = {
			isa = PBXResourcesBuildPhase;
			buildActionMask = 2147483647;
			files = (
			);
			runOnlyForDeploymentPostprocessing = 0;
		};
		2E4AC6CC2AD41BC000F89951 /* Resources */ = {
			isa = PBXResourcesBuildPhase;
			buildActionMask = 2147483647;
			files = (
			);
			runOnlyForDeploymentPostprocessing = 0;
		};
/* End PBXResourcesBuildPhase section */

/* Begin PBXSourcesBuildPhase section */
		2E4AC6AA2AD41BBF00F89951 /* Sources */ = {
			isa = PBXSourcesBuildPhase;
			buildActionMask = 2147483647;
			files = (
				2E6A799E2AD4228C00AF59E1 /* SecondViewController.swift in Sources */,
				2E4AC6B62AD41BBF00F89951 /* ViewController.swift in Sources */,
				2E4AC6B22AD41BBF00F89951 /* AppDelegate.swift in Sources */,
				2E4AC6B42AD41BBF00F89951 /* SceneDelegate.swift in Sources */,
			);
			runOnlyForDeploymentPostprocessing = 0;
		};
		2E4AC6C02AD41BC000F89951 /* Sources */ = {
			isa = PBXSourcesBuildPhase;
			buildActionMask = 2147483647;
			files = (
				2E4AC6C92AD41BC000F89951 /* Chapter03_TableviewTests.swift in Sources */,
			);
			runOnlyForDeploymentPostprocessing = 0;
		};
		2E4AC6CA2AD41BC000F89951 /* Sources */ = {
			isa = PBXSourcesBuildPhase;
			buildActionMask = 2147483647;
			files = (
				2E4AC6D32AD41BC000F89951 /* Chapter03_TableviewUITests.swift in Sources */,
				2E4AC6D52AD41BC000F89951 /* Chapter03_TableviewUITestsLaunchTests.swift in Sources */,
			);
			runOnlyForDeploymentPostprocessing = 0;
		};
/* End PBXSourcesBuildPhase section */

/* Begin PBXTargetDependency section */
		2E4AC6C62AD41BC000F89951 /* PBXTargetDependency */ = {
			isa = PBXTargetDependency;
			target = 2E4AC6AD2AD41BBF00F89951 /* Chapter03_Tableview */;
			targetProxy = 2E4AC6C52AD41BC000F89951 /* PBXContainerItemProxy */;
		};
		2E4AC6D02AD41BC000F89951 /* PBXTargetDependency */ = {
			isa = PBXTargetDependency;
			target = 2E4AC6AD2AD41BBF00F89951 /* Chapter03_Tableview */;
			targetProxy = 2E4AC6CF2AD41BC000F89951 /* PBXContainerItemProxy */;
		};
/* End PBXTargetDependency section */

/* Begin PBXVariantGroup section */
		2E4AC6B72AD41BBF00F89951 /* Main.storyboard */ = {
			isa = PBXVariantGroup;
			children = (
				2E4AC6B82AD41BBF00F89951 /* Base */,
			);
			name = Main.storyboard;
			sourceTree = "<group>";
		};
		2E4AC6BC2AD41BC000F89951 /* LaunchScreen.storyboard */ = {
			isa = PBXVariantGroup;
			children = (
				2E4AC6BD2AD41BC000F89951 /* Base */,
			);
			name = LaunchScreen.storyboard;
			sourceTree = "<group>";
		};
/* End PBXVariantGroup section */

/* Begin XCBuildConfiguration section */
		2E4AC6D62AD41BC000F89951 /* Debug */ = {
			isa = XCBuildConfiguration;
			buildSettings = {
				ALWAYS_SEARCH_USER_PATHS = NO;
				ASSETCATALOG_COMPILER_GENERATE_SWIFT_ASSET_SYMBOL_EXTENSIONS = YES;
				CLANG_ANALYZER_NONNULL = YES;
				CLANG_ANALYZER_NUMBER_OBJECT_CONVERSION = YES_AGGRESSIVE;
				CLANG_CXX_LANGUAGE_STANDARD = "gnu++20";
				CLANG_ENABLE_MODULES = YES;
				CLANG_ENABLE_OBJC_ARC = YES;
				CLANG_ENABLE_OBJC_WEAK = YES;
				CLANG_WARN_BLOCK_CAPTURE_AUTORELEASING = YES;
				CLANG_WARN_BOOL_CONVERSION = YES;
				CLANG_WARN_COMMA = YES;
				CLANG_WARN_CONSTANT_CONVERSION = YES;
				CLANG_WARN_DEPRECATED_OBJC_IMPLEMENTATIONS = YES;
				CLANG_WARN_DIRECT_OBJC_ISA_USAGE = YES_ERROR;
				CLANG_WARN_DOCUMENTATION_COMMENTS = YES;
				CLANG_WARN_EMPTY_BODY = YES;
				CLANG_WARN_ENUM_CONVERSION = YES;
				CLANG_WARN_INFINITE_RECURSION = YES;
				CLANG_WARN_INT_CONVERSION = YES;
				CLANG_WARN_NON_LITERAL_NULL_CONVERSION = YES;
				CLANG_WARN_OBJC_IMPLICIT_RETAIN_SELF = YES;
				CLANG_WARN_OBJC_LITERAL_CONVERSION = YES;
				CLANG_WARN_OBJC_ROOT_CLASS = YES_ERROR;
				CLANG_WARN_QUOTED_INCLUDE_IN_FRAMEWORK_HEADER = YES;
				CLANG_WARN_RANGE_LOOP_ANALYSIS = YES;
				CLANG_WARN_STRICT_PROTOTYPES = YES;
				CLANG_WARN_SUSPICIOUS_MOVE = YES;
				CLANG_WARN_UNGUARDED_AVAILABILITY = YES_AGGRESSIVE;
				CLANG_WARN_UNREACHABLE_CODE = YES;
				CLANG_WARN__DUPLICATE_METHOD_MATCH = YES;
				COPY_PHASE_STRIP = NO;
				DEBUG_INFORMATION_FORMAT = dwarf;
				ENABLE_STRICT_OBJC_MSGSEND = YES;
				ENABLE_TESTABILITY = YES;
				ENABLE_USER_SCRIPT_SANDBOXING = YES;
				GCC_C_LANGUAGE_STANDARD = gnu17;
				GCC_DYNAMIC_NO_PIC = NO;
				GCC_NO_COMMON_BLOCKS = YES;
				GCC_OPTIMIZATION_LEVEL = 0;
				GCC_PREPROCESSOR_DEFINITIONS = (
					"DEBUG=1",
					"$(inherited)",
				);
				GCC_WARN_64_TO_32_BIT_CONVERSION = YES;
				GCC_WARN_ABOUT_RETURN_TYPE = YES_ERROR;
				GCC_WARN_UNDECLARED_SELECTOR = YES;
				GCC_WARN_UNINITIALIZED_AUTOS = YES_AGGRESSIVE;
				GCC_WARN_UNUSED_FUNCTION = YES;
				GCC_WARN_UNUSED_VARIABLE = YES;
				IPHONEOS_DEPLOYMENT_TARGET = 17.0;
				LOCALIZATION_PREFERS_STRING_CATALOGS = YES;
				MTL_ENABLE_DEBUG_INFO = INCLUDE_SOURCE;
				MTL_FAST_MATH = YES;
				ONLY_ACTIVE_ARCH = YES;
				SDKROOT = iphoneos;
				SWIFT_ACTIVE_COMPILATION_CONDITIONS = "DEBUG $(inherited)";
				SWIFT_OPTIMIZATION_LEVEL = "-Onone";
			};
			name = Debug;
		};
		2E4AC6D72AD41BC000F89951 /* Release */ = {
			isa = XCBuildConfiguration;
			buildSettings = {
				ALWAYS_SEARCH_USER_PATHS = NO;
				ASSETCATALOG_COMPILER_GENERATE_SWIFT_ASSET_SYMBOL_EXTENSIONS = YES;
				CLANG_ANALYZER_NONNULL = YES;
				CLANG_ANALYZER_NUMBER_OBJECT_CONVERSION = YES_AGGRESSIVE;
				CLANG_CXX_LANGUAGE_STANDARD = "gnu++20";
				CLANG_ENABLE_MODULES = YES;
				CLANG_ENABLE_OBJC_ARC = YES;
				CLANG_ENABLE_OBJC_WEAK = YES;
				CLANG_WARN_BLOCK_CAPTURE_AUTORELEASING = YES;
				CLANG_WARN_BOOL_CONVERSION = YES;
				CLANG_WARN_COMMA = YES;
				CLANG_WARN_CONSTANT_CONVERSION = YES;
				CLANG_WARN_DEPRECATED_OBJC_IMPLEMENTATIONS = YES;
				CLANG_WARN_DIRECT_OBJC_ISA_USAGE = YES_ERROR;
				CLANG_WARN_DOCUMENTATION_COMMENTS = YES;
				CLANG_WARN_EMPTY_BODY = YES;
				CLANG_WARN_ENUM_CONVERSION = YES;
				CLANG_WARN_INFINITE_RECURSION = YES;
				CLANG_WARN_INT_CONVERSION = YES;
				CLANG_WARN_NON_LITERAL_NULL_CONVERSION = YES;
				CLANG_WARN_OBJC_IMPLICIT_RETAIN_SELF = YES;
				CLANG_WARN_OBJC_LITERAL_CONVERSION = YES;
				CLANG_WARN_OBJC_ROOT_CLASS = YES_ERROR;
				CLANG_WARN_QUOTED_INCLUDE_IN_FRAMEWORK_HEADER = YES;
				CLANG_WARN_RANGE_LOOP_ANALYSIS = YES;
				CLANG_WARN_STRICT_PROTOTYPES = YES;
				CLANG_WARN_SUSPICIOUS_MOVE = YES;
				CLANG_WARN_UNGUARDED_AVAILABILITY = YES_AGGRESSIVE;
				CLANG_WARN_UNREACHABLE_CODE = YES;
				CLANG_WARN__DUPLICATE_METHOD_MATCH = YES;
				COPY_PHASE_STRIP = NO;
				DEBUG_INFORMATION_FORMAT = "dwarf-with-dsym";
				ENABLE_NS_ASSERTIONS = NO;
				ENABLE_STRICT_OBJC_MSGSEND = YES;
				ENABLE_USER_SCRIPT_SANDBOXING = YES;
				GCC_C_LANGUAGE_STANDARD = gnu17;
				GCC_NO_COMMON_BLOCKS = YES;
				GCC_WARN_64_TO_32_BIT_CONVERSION = YES;
				GCC_WARN_ABOUT_RETURN_TYPE = YES_ERROR;
				GCC_WARN_UNDECLARED_SELECTOR = YES;
				GCC_WARN_UNINITIALIZED_AUTOS = YES_AGGRESSIVE;
				GCC_WARN_UNUSED_FUNCTION = YES;
				GCC_WARN_UNUSED_VARIABLE = YES;
				IPHONEOS_DEPLOYMENT_TARGET = 17.0;
				LOCALIZATION_PREFERS_STRING_CATALOGS = YES;
				MTL_ENABLE_DEBUG_INFO = NO;
				MTL_FAST_MATH = YES;
				SDKROOT = iphoneos;
				SWIFT_COMPILATION_MODE = wholemodule;
				VALIDATE_PRODUCT = YES;
			};
			name = Release;
		};
		2E4AC6D92AD41BC000F89951 /* Debug */ = {
			isa = XCBuildConfiguration;
			buildSettings = {
				ASSETCATALOG_COMPILER_APPICON_NAME = AppIcon;
				ASSETCATALOG_COMPILER_GLOBAL_ACCENT_COLOR_NAME = AccentColor;
				CODE_SIGN_STYLE = Automatic;
				CURRENT_PROJECT_VERSION = 1;
				GENERATE_INFOPLIST_FILE = YES;
				INFOPLIST_FILE = Chapter03_Tableview/Info.plist;
				INFOPLIST_KEY_UIApplicationSupportsIndirectInputEvents = YES;
				INFOPLIST_KEY_UILaunchStoryboardName = LaunchScreen;
				INFOPLIST_KEY_UIMainStoryboardFile = Main;
				INFOPLIST_KEY_UISupportedInterfaceOrientations_iPad = "UIInterfaceOrientationPortrait UIInterfaceOrientationPortraitUpsideDown UIInterfaceOrientationLandscapeLeft UIInterfaceOrientationLandscapeRight";
				INFOPLIST_KEY_UISupportedInterfaceOrientations_iPhone = "UIInterfaceOrientationPortrait UIInterfaceOrientationLandscapeLeft UIInterfaceOrientationLandscapeRight";
				LD_RUNPATH_SEARCH_PATHS = (
					"$(inherited)",
					"@executable_path/Frameworks",
				);
				MARKETING_VERSION = 1.0;
				PRODUCT_BUNDLE_IDENTIFIER = "co.chandrala.Chapter03-Tableview";
				PRODUCT_NAME = "$(TARGET_NAME)";
				SWIFT_EMIT_LOC_STRINGS = YES;
				SWIFT_VERSION = 5.0;
				TARGETED_DEVICE_FAMILY = "1,2";
			};
			name = Debug;
		};
		2E4AC6DA2AD41BC000F89951 /* Release */ = {
			isa = XCBuildConfiguration;
			buildSettings = {
				ASSETCATALOG_COMPILER_APPICON_NAME = AppIcon;
				ASSETCATALOG_COMPILER_GLOBAL_ACCENT_COLOR_NAME = AccentColor;
				CODE_SIGN_STYLE = Automatic;
				CURRENT_PROJECT_VERSION = 1;
				GENERATE_INFOPLIST_FILE = YES;
				INFOPLIST_FILE = Chapter03_Tableview/Info.plist;
				INFOPLIST_KEY_UIApplicationSupportsIndirectInputEvents = YES;
				INFOPLIST_KEY_UILaunchStoryboardName = LaunchScreen;
				INFOPLIST_KEY_UIMainStoryboardFile = Main;
				INFOPLIST_KEY_UISupportedInterfaceOrientations_iPad = "UIInterfaceOrientationPortrait UIInterfaceOrientationPortraitUpsideDown UIInterfaceOrientationLandscapeLeft UIInterfaceOrientationLandscapeRight";
				INFOPLIST_KEY_UISupportedInterfaceOrientations_iPhone = "UIInterfaceOrientationPortrait UIInterfaceOrientationLandscapeLeft UIInterfaceOrientationLandscapeRight";
				LD_RUNPATH_SEARCH_PATHS = (
					"$(inherited)",
					"@executable_path/Frameworks",
				);
				MARKETING_VERSION = 1.0;
				PRODUCT_BUNDLE_IDENTIFIER = "co.chandrala.Chapter03-Tableview";
				PRODUCT_NAME = "$(TARGET_NAME)";
				SWIFT_EMIT_LOC_STRINGS = YES;
				SWIFT_VERSION = 5.0;
				TARGETED_DEVICE_FAMILY = "1,2";
			};
			name = Release;
		};
		2E4AC6DC2AD41BC000F89951 /* Debug */ = {
			isa = XCBuildConfiguration;
			buildSettings = {
				ALWAYS_EMBED_SWIFT_STANDARD_LIBRARIES = YES;
				BUNDLE_LOADER = "$(TEST_HOST)";
				CODE_SIGN_STYLE = Automatic;
				CURRENT_PROJECT_VERSION = 1;
				GENERATE_INFOPLIST_FILE = YES;
				IPHONEOS_DEPLOYMENT_TARGET = 17.0;
				MARKETING_VERSION = 1.0;
				PRODUCT_BUNDLE_IDENTIFIER = "co.chandrala.Chapter03-TableviewTests";
				PRODUCT_NAME = "$(TARGET_NAME)";
				SWIFT_EMIT_LOC_STRINGS = NO;
				SWIFT_VERSION = 5.0;
				TARGETED_DEVICE_FAMILY = "1,2";
				TEST_HOST = "$(BUILT_PRODUCTS_DIR)/Chapter03_Tableview.app/$(BUNDLE_EXECUTABLE_FOLDER_PATH)/Chapter03_Tableview";
			};
			name = Debug;
		};
		2E4AC6DD2AD41BC000F89951 /* Release */ = {
			isa = XCBuildConfiguration;
			buildSettings = {
				ALWAYS_EMBED_SWIFT_STANDARD_LIBRARIES = YES;
				BUNDLE_LOADER = "$(TEST_HOST)";
				CODE_SIGN_STYLE = Automatic;
				CURRENT_PROJECT_VERSION = 1;
				GENERATE_INFOPLIST_FILE = YES;
				IPHONEOS_DEPLOYMENT_TARGET = 17.0;
				MARKETING_VERSION = 1.0;
				PRODUCT_BUNDLE_IDENTIFIER = "co.chandrala.Chapter03-TableviewTests";
				PRODUCT_NAME = "$(TARGET_NAME)";
				SWIFT_EMIT_LOC_STRINGS = NO;
				SWIFT_VERSION = 5.0;
				TARGETED_DEVICE_FAMILY = "1,2";
				TEST_HOST = "$(BUILT_PRODUCTS_DIR)/Chapter03_Tableview.app/$(BUNDLE_EXECUTABLE_FOLDER_PATH)/Chapter03_Tableview";
			};
			name = Release;
		};
		2E4AC6DF2AD41BC000F89951 /* Debug */ = {
			isa = XCBuildConfiguration;
			buildSettings = {
				ALWAYS_EMBED_SWIFT_STANDARD_LIBRARIES = YES;
				CODE_SIGN_STYLE = Automatic;
				CURRENT_PROJECT_VERSION = 1;
				GENERATE_INFOPLIST_FILE = YES;
				MARKETING_VERSION = 1.0;
				PRODUCT_BUNDLE_IDENTIFIER = "co.chandrala.Chapter03-TableviewUITests";
				PRODUCT_NAME = "$(TARGET_NAME)";
				SWIFT_EMIT_LOC_STRINGS = NO;
				SWIFT_VERSION = 5.0;
				TARGETED_DEVICE_FAMILY = "1,2";
				TEST_TARGET_NAME = Chapter03_Tableview;
			};
			name = Debug;
		};
		2E4AC6E02AD41BC000F89951 /* Release */ = {
			isa = XCBuildConfiguration;
			buildSettings = {
				ALWAYS_EMBED_SWIFT_STANDARD_LIBRARIES = YES;
				CODE_SIGN_STYLE = Automatic;
				CURRENT_PROJECT_VERSION = 1;
				GENERATE_INFOPLIST_FILE = YES;
				MARKETING_VERSION = 1.0;
				PRODUCT_BUNDLE_IDENTIFIER = "co.chandrala.Chapter03-TableviewUITests";
				PRODUCT_NAME = "$(TARGET_NAME)";
				SWIFT_EMIT_LOC_STRINGS = NO;
				SWIFT_VERSION = 5.0;
				TARGETED_DEVICE_FAMILY = "1,2";
				TEST_TARGET_NAME = Chapter03_Tableview;
			};
			name = Release;
		};
/* End XCBuildConfiguration section */

/* Begin XCConfigurationList section */
		2E4AC6A92AD41BBF00F89951 /* Build configuration list for PBXProject "Chapter03_Tableview" */ = {
			isa = XCConfigurationList;
			buildConfigurations = (
				2E4AC6D62AD41BC000F89951 /* Debug */,
				2E4AC6D72AD41BC000F89951 /* Release */,
			);
			defaultConfigurationIsVisible = 0;
			defaultConfigurationName = Release;
		};
		2E4AC6D82AD41BC000F89951 /* Build configuration list for PBXNativeTarget "Chapter03_Tableview" */ = {
			isa = XCConfigurationList;
			buildConfigurations = (
				2E4AC6D92AD41BC000F89951 /* Debug */,
				2E4AC6DA2AD41BC000F89951 /* Release */,
			);
			defaultConfigurationIsVisible = 0;
			defaultConfigurationName = Release;
		};
		2E4AC6DB2AD41BC000F89951 /* Build configuration list for PBXNativeTarget "Chapter03_TableviewTests" */ = {
			isa = XCConfigurationList;
			buildConfigurations = (
				2E4AC6DC2AD41BC000F89951 /* Debug */,
				2E4AC6DD2AD41BC000F89951 /* Release */,
			);
			defaultConfigurationIsVisible = 0;
			defaultConfigurationName = Release;
		};
		2E4AC6DE2AD41BC000F89951 /* Build configuration list for PBXNativeTarget "Chapter03_TableviewUITests" */ = {
			isa = XCConfigurationList;
			buildConfigurations = (
				2E4AC6DF2AD41BC000F89951 /* Debug */,
				2E4AC6E02AD41BC000F89951 /* Release */,
			);
			defaultConfigurationIsVisible = 0;
			defaultConfigurationName = Release;
		};
/* End XCConfigurationList section */
	};
	rootObject = 2E4AC6A62AD41BBF00F89951 /* Project object */;
}
